
Microsoft Visual Studio Solution File, Format Version 12.00
# Visual Studio Version 17
VisualStudioVersion = 17.7.34031.279
MinimumVisualStudioVersion = 10.0.40219.1
Project("{8BC9CEB8-8B4A-11D0-8D11-00A0C91BC942}") = "Tep_List_5", "Tep_List_5.vcxproj", "{D2460F60-0D48-4DCE-B81C-6A2A3B37B091}"
EndProject
Global
	GlobalSection(SolutionConfigurationPlatforms) = preSolution
		Debug|x64 = Debug|x64
		Debug|x86 = Debug|x86
		Release|x64 = Release|x64
		Release|x86 = Release|x86
	EndGlobalSection
	GlobalSection(ProjectConfigurationPlatforms) = postSolution
		{D2460F60-0D48-4DCE-B81C-6A2A3B37B091}.Debug|x64.ActiveCfg = Debug|x64
		{D2460F60-0D48-4DCE-B81C-6A2A3B37B091}.Debug|x64.Build.0 = Debug|x64
		{D2460F60-0D48-4DCE-B81C-6A2A3B37B091}.Debug|x86.ActiveCfg = Debug|Win32
		{D2460F60-0D48-4DCE-B81C-6A2A3B37B091}.Debug|x86.Build.0 = Debug|Win32
		{D2460F60-0D48-4DCE-B81C-6A2A3B37B091}.Release|x64.ActiveCfg = Release|x64
		{D2460F60-0D48-4DCE-B81C-6A2A3B37B091}.Release|x64.Build.0 = Release|x64
		{D2460F60-0D48-4DCE-B81C-6A2A3B37B091}.Release|x86.ActiveCfg = Release|Win32
		{D2460F60-0D48-4DCE-B81C-6A2A3B37B091}.Release|x86.Build.0 = Release|Win32
	EndGlobalSection
	GlobalSection(SolutionProperties) = preSolution
		HideSolutionNode = FALSE
	EndGlobalSection
	GlobalSection(ExtensibilityGlobals) = postSolution
		SolutionGuid = {31D0AB8B-F3B4-40C3-8D14-F6B489ACEDC1}
	EndGlobalSection
EndGlobal
